
Microsoft Visual Studio Solution File, Format Version 12.00
# Visual Studio Version 17
VisualStudioVersion = 17.6.33815.320
MinimumVisualStudioVersion = 10.0.40219.1
Project("{9A19103F-16F7-4668-BE54-9A1E7A4F7556}") = "AIwebsite", "AIwebsite\AIwebsite.csproj", "{8B293A57-C282-4F96-947C-EFCE000BF4E4}"
EndProject
Project("{888888A0-9F3D-457C-B088-3A5042F75D52}") = "PythonApplication", "PythonApplication\PythonApplication.pyproj", "{A78C6DC6-A299-44FA-B7C1-F3E57BA495B8}"
EndProject
Project("{FAE04EC0-301F-11D3-BF4B-00C04F79EFBC}") = "MauiAppYazilimAI", "MauiAppYazilimAI\MauiAppYazilimAI.csproj", "{7657F5E5-4DB2-4E48-8BA9-2EA663FDF9A5}"
EndProject
Global
	GlobalSection(SolutionConfigurationPlatforms) = preSolution
		Debug|Any CPU = Debug|Any CPU
		Release|Any CPU = Release|Any CPU
	EndGlobalSection
	GlobalSection(ProjectConfigurationPlatforms) = postSolution
		{8B293A57-C282-4F96-947C-EFCE000BF4E4}.Debug|Any CPU.ActiveCfg = Debug|Any CPU
		{8B293A57-C282-4F96-947C-EFCE000BF4E4}.Debug|Any CPU.Build.0 = Debug|Any CPU
		{8B293A57-C282-4F96-947C-EFCE000BF4E4}.Release|Any CPU.ActiveCfg = Release|Any CPU
		{8B293A57-C282-4F96-947C-EFCE000BF4E4}.Release|Any CPU.Build.0 = Release|Any CPU
		{A78C6DC6-A299-44FA-B7C1-F3E57BA495B8}.Debug|Any CPU.ActiveCfg = Debug|Any CPU
		{A78C6DC6-A299-44FA-B7C1-F3E57BA495B8}.Release|Any CPU.ActiveCfg = Release|Any CPU
		{7657F5E5-4DB2-4E48-8BA9-2EA663FDF9A5}.Debug|Any CPU.ActiveCfg = Debug|Any CPU
		{7657F5E5-4DB2-4E48-8BA9-2EA663FDF9A5}.Debug|Any CPU.Build.0 = Debug|Any CPU
		{7657F5E5-4DB2-4E48-8BA9-2EA663FDF9A5}.Debug|Any CPU.Deploy.0 = Debug|Any CPU
		{7657F5E5-4DB2-4E48-8BA9-2EA663FDF9A5}.Release|Any CPU.ActiveCfg = Release|Any CPU
		{7657F5E5-4DB2-4E48-8BA9-2EA663FDF9A5}.Release|Any CPU.Build.0 = Release|Any CPU
		{7657F5E5-4DB2-4E48-8BA9-2EA663FDF9A5}.Release|Any CPU.Deploy.0 = Release|Any CPU
	EndGlobalSection
	GlobalSection(SolutionProperties) = preSolution
		HideSolutionNode = FALSE
	EndGlobalSection
	GlobalSection(ExtensibilityGlobals) = postSolution
		SolutionGuid = {538F877B-AC7B-4445-B7B8-022F06A723C7}
	EndGlobalSection
EndGlobal
